// !$*UTF8*$!
{
	archiveVersion = 1;
	classes = {
	};
	objectVersion = 51;
	objects = {

/* Begin PBXBuildFile section */
		428BFCA9255C3796009AA2DE /* AppDelegate.swift in Sources */ = {isa = PBXBuildFile; fileRef = 428BFCA8255C3796009AA2DE /* AppDelegate.swift */; };
		428BFCAD255C3796009AA2DE /* MintRepoViewController.swift in Sources */ = {isa = PBXBuildFile; fileRef = 428BFCAC255C3796009AA2DE /* MintRepoViewController.swift */; };
		428BFCB0255C3796009AA2DE /* Main.storyboard in Resources */ = {isa = PBXBuildFile; fileRef = 428BFCAE255C3796009AA2DE /* Main.storyboard */; };
		428BFCB2255C379B009AA2DE /* Assets.xcassets in Resources */ = {isa = PBXBuildFile; fileRef = 428BFCB1255C379B009AA2DE /* Assets.xcassets */; };
		428BFCB5255C379B009AA2DE /* LaunchScreen.storyboard in Resources */ = {isa = PBXBuildFile; fileRef = 428BFCB3255C379B009AA2DE /* LaunchScreen.storyboard */; };
		428BFCBE255C52B7009AA2DE /* HelpFunctions.swift in Sources */ = {isa = PBXBuildFile; fileRef = 428BFCBD255C52B7009AA2DE /* HelpFunctions.swift */; };
		428BFCC0255C53DF009AA2DE /* Estentions.swift in Sources */ = {isa = PBXBuildFile; fileRef = 428BFCBF255C53DF009AA2DE /* Estentions.swift */; };
		428BFCC2255C543B009AA2DE /* ApiConstants.swift in Sources */ = {isa = PBXBuildFile; fileRef = 428BFCC1255C543B009AA2DE /* ApiConstants.swift */; };
		428BFCC5255C60A1009AA2DE /* MintRepoTableViewCell.swift in Sources */ = {isa = PBXBuildFile; fileRef = 428BFCC4255C60A1009AA2DE /* MintRepoTableViewCell.swift */; };
		428BFCC7255C7800009AA2DE /* CommitModel.swift in Sources */ = {isa = PBXBuildFile; fileRef = 428BFCC6255C7800009AA2DE /* CommitModel.swift */; };
		9EC51247E532C4112752D328 /* Pods_MINTREPO.framework in Frameworks */ = {isa = PBXBuildFile; fileRef = 8EFDE8B2DC7200EBCEC6FDB7 /* Pods_MINTREPO.framework */; };
/* End PBXBuildFile section */

/* Begin PBXFileReference section */
		3702FD7BD8272A83F1AC988C /* Pods-MINTREPO.release.xcconfig */ = {isa = PBXFileReference; includeInIndex = 1; lastKnownFileType = text.xcconfig; name = "Pods-MINTREPO.release.xcconfig"; path = "Target Support Files/Pods-MINTREPO/Pods-MINTREPO.release.xcconfig"; sourceTree = "<group>"; };
		428BFCA5255C3796009AA2DE /* MINTREPO.app */ = {isa = PBXFileReference; explicitFileType = wrapper.application; includeInIndex = 0; path = MINTREPO.app; sourceTree = BUILT_PRODUCTS_DIR; };
		428BFCA8255C3796009AA2DE /* AppDelegate.swift */ = {isa = PBXFileReference; lastKnownFileType = sourcecode.swift; path = AppDelegate.swift; sourceTree = "<group>"; };
		428BFCAC255C3796009AA2DE /* MintRepoViewController.swift */ = {isa = PBXFileReference; lastKnownFileType = sourcecode.swift; path = MintRepoViewController.swift; sourceTree = "<group>"; };
		428BFCAF255C3796009AA2DE /* Base */ = {isa = PBXFileReference; lastKnownFileType = file.storyboard; name = Base; path = Base.lproj/Main.storyboard; sourceTree = "<group>"; };
		428BFCB1255C379B009AA2DE /* Assets.xcassets */ = {isa = PBXFileReference; lastKnownFileType = folder.assetcatalog; path = Assets.xcassets; sourceTree = "<group>"; };
		428BFCB4255C379B009AA2DE /* Base */ = {isa = PBXFileReference; lastKnownFileType = file.storyboard; name = Base; path = Base.lproj/LaunchScreen.storyboard; sourceTree = "<group>"; };
		428BFCB6255C379B009AA2DE /* Info.plist */ = {isa = PBXFileReference; lastKnownFileType = text.plist.xml; path = Info.plist; sourceTree = "<group>"; };
		428BFCBD255C52B7009AA2DE /* HelpFunctions.swift */ = {isa = PBXFileReference; lastKnownFileType = sourcecode.swift; path = HelpFunctions.swift; sourceTree = "<group>"; };
		428BFCBF255C53DF009AA2DE /* Estentions.swift */ = {isa = PBXFileReference; lastKnownFileType = sourcecode.swift; path = Estentions.swift; sourceTree = "<group>"; };
		428BFCC1255C543B009AA2DE /* ApiConstants.swift */ = {isa = PBXFileReference; lastKnownFileType = sourcecode.swift; path = ApiConstants.swift; sourceTree = "<group>"; };
		428BFCC4255C60A1009AA2DE /* MintRepoTableViewCell.swift */ = {isa = PBXFileReference; lastKnownFileType = sourcecode.swift; path = MintRepoTableViewCell.swift; sourceTree = "<group>"; };
		428BFCC6255C7800009AA2DE /* CommitModel.swift */ = {isa = PBXFileReference; lastKnownFileType = sourcecode.swift; path = CommitModel.swift; sourceTree = "<group>"; };
		8EFDE8B2DC7200EBCEC6FDB7 /* Pods_MINTREPO.framework */ = {isa = PBXFileReference; explicitFileType = wrapper.framework; includeInIndex = 0; path = Pods_MINTREPO.framework; sourceTree = BUILT_PRODUCTS_DIR; };
		A3443E40EA50DB6B6AAEA021 /* Pods-MINTREPO.debug.xcconfig */ = {isa = PBXFileReference; includeInIndex = 1; lastKnownFileType = text.xcconfig; name = "Pods-MINTREPO.debug.xcconfig"; path = "Target Support Files/Pods-MINTREPO/Pods-MINTREPO.debug.xcconfig"; sourceTree = "<group>"; };
/* End PBXFileReference section */

/* Begin PBXFrameworksBuildPhase section */
		428BFCA2255C3796009AA2DE /* Frameworks */ = {
			isa = PBXFrameworksBuildPhase;
			buildActionMask = 2147483647;
			files = (
				9EC51247E532C4112752D328 /* Pods_MINTREPO.framework in Frameworks */,
			);
			runOnlyForDeploymentPostprocessing = 0;
		};
/* End PBXFrameworksBuildPhase section */

/* Begin PBXGroup section */
		428BFC9C255C3796009AA2DE = {
			isa = PBXGroup;
			children = (
				428BFCA7255C3796009AA2DE /* MINTREPO */,
				428BFCA6255C3796009AA2DE /* Products */,
				CCBAD24148F4395F755FED90 /* Pods */,
				80F02529DCECC9A625E380E1 /* Frameworks */,
			);
			sourceTree = "<group>";
		};
		428BFCA6255C3796009AA2DE /* Products */ = {
			isa = PBXGroup;
			children = (
				428BFCA5255C3796009AA2DE /* MINTREPO.app */,
			);
			name = Products;
			sourceTree = "<group>";
		};
		428BFCA7255C3796009AA2DE /* MINTREPO */ = {
			isa = PBXGroup;
			children = (
				428BFCA8255C3796009AA2DE /* AppDelegate.swift */,
				428BFCBC255C5290009AA2DE /* Utility */,
				428BFCC3255C600E009AA2DE /* MintRepo */,
				428BFCC8255C7804009AA2DE /* Model */,
				428BFCAE255C3796009AA2DE /* Main.storyboard */,
				428BFCB1255C379B009AA2DE /* Assets.xcassets */,
				428BFCB3255C379B009AA2DE /* LaunchScreen.storyboard */,
				428BFCB6255C379B009AA2DE /* Info.plist */,
			);
			path = MINTREPO;
			sourceTree = "<group>";
		};
		428BFCBC255C5290009AA2DE /* Utility */ = {
			isa = PBXGroup;
			children = (
				428BFCBD255C52B7009AA2DE /* HelpFunctions.swift */,
				428BFCBF255C53DF009AA2DE /* Estentions.swift */,
				428BFCC1255C543B009AA2DE /* ApiConstants.swift */,
			);
			path = Utility;
			sourceTree = "<group>";
		};
		428BFCC3255C600E009AA2DE /* MintRepo */ = {
			isa = PBXGroup;
			children = (
				428BFCC4255C60A1009AA2DE /* MintRepoTableViewCell.swift */,
				428BFCAC255C3796009AA2DE /* MintRepoViewController.swift */,
			);
			path = MintRepo;
			sourceTree = "<group>";
		};
		428BFCC8255C7804009AA2DE /* Model */ = {
			isa = PBXGroup;
			children = (
				428BFCC6255C7800009AA2DE /* CommitModel.swift */,
			);
			path = Model;
			sourceTree = "<group>";
		};
		80F02529DCECC9A625E380E1 /* Frameworks */ = {
			isa = PBXGroup;
			children = (
				8EFDE8B2DC7200EBCEC6FDB7 /* Pods_MINTREPO.framework */,
			);
			name = Frameworks;
			sourceTree = "<group>";
		};
		CCBAD24148F4395F755FED90 /* Pods */ = {
			isa = PBXGroup;
			children = (
				A3443E40EA50DB6B6AAEA021 /* Pods-MINTREPO.debug.xcconfig */,
				3702FD7BD8272A83F1AC988C /* Pods-MINTREPO.release.xcconfig */,
			);
			path = Pods;
			sourceTree = "<group>";
		};
/* End PBXGroup section */

/* Begin PBXNativeTarget section */
		428BFCA4255C3796009AA2DE /* MINTREPO */ = {
			isa = PBXNativeTarget;
			buildConfigurationList = 428BFCB9255C379B009AA2DE /* Build configuration list for PBXNativeTarget "MINTREPO" */;
			buildPhases = (
				440AE440811C527461A1D964 /* [CP] Check Pods Manifest.lock */,
				428BFCA1255C3796009AA2DE /* Sources */,
				428BFCA2255C3796009AA2DE /* Frameworks */,
				428BFCA3255C3796009AA2DE /* Resources */,
				ADEF55336EA6B69F37E04C6A /* [CP] Embed Pods Frameworks */,
			);
			buildRules = (
			);
			dependencies = (
			);
			name = MINTREPO;
			productName = MINTREPO;
			productReference = 428BFCA5255C3796009AA2DE /* MINTREPO.app */;
			productType = "com.apple.product-type.application";
		};
/* End PBXNativeTarget section */

/* Begin PBXProject section */
		428BFC9D255C3796009AA2DE /* Project object */ = {
			isa = PBXProject;
			attributes = {
				LastSwiftUpdateCheck = 1170;
				LastUpgradeCheck = 1170;
				ORGANIZATIONNAME = Peter;
				TargetAttributes = {
					428BFCA4255C3796009AA2DE = {
						CreatedOnToolsVersion = 11.7;
					};
				};
			};
			buildConfigurationList = 428BFCA0255C3796009AA2DE /* Build configuration list for PBXProject "MINTREPO" */;
			compatibilityVersion = "Xcode 9.3";
			developmentRegion = en;
			hasScannedForEncodings = 0;
			knownRegions = (
				en,
				Base,
			);
			mainGroup = 428BFC9C255C3796009AA2DE;
			productRefGroup = 428BFCA6255C3796009AA2DE /* Products */;
			projectDirPath = "";
			projectRoot = "";
			targets = (
				428BFCA4255C3796009AA2DE /* MINTREPO */,
			);
		};
/* End PBXProject section */

/* Begin PBXResourcesBuildPhase section */
		428BFCA3255C3796009AA2DE /* Resources */ = {
			isa = PBXResourcesBuildPhase;
			buildActionMask = 2147483647;
			files = (
				428BFCB5255C379B009AA2DE /* LaunchScreen.storyboard in Resources */,
				428BFCB2255C379B009AA2DE /* Assets.xcassets in Resources */,
				428BFCB0255C3796009AA2DE /* Main.storyboard in Resources */,
			);
			runOnlyForDeploymentPostprocessing = 0;
		};
/* End PBXResourcesBuildPhase section */

/* Begin PBXShellScriptBuildPhase section */
		440AE440811C527461A1D964 /* [CP] Check Pods Manifest.lock */ = {
			isa = PBXShellScriptBuildPhase;
			buildActionMask = 2147483647;
			files = (
			);
			inputFileListPaths = (
			);
			inputPaths = (
				"${PODS_PODFILE_DIR_PATH}/Podfile.lock",
				"${PODS_ROOT}/Manifest.lock",
			);
			name = "[CP] Check Pods Manifest.lock";
			outputFileListPaths = (
			);
			outputPaths = (
				"$(DERIVED_FILE_DIR)/Pods-MINTREPO-checkManifestLockResult.txt",
			);
			runOnlyForDeploymentPostprocessing = 0;
			shellPath = /bin/sh;
			shellScript = "diff \"${PODS_PODFILE_DIR_PATH}/Podfile.lock\" \"${PODS_ROOT}/Manifest.lock\" > /dev/null\nif [ $? != 0 ] ; then\n    # print error to STDERR\n    echo \"error: The sandbox is not in sync with the Podfile.lock. Run 'pod install' or update your CocoaPods installation.\" >&2\n    exit 1\nfi\n# This output is used by Xcode 'outputs' to avoid re-running this script phase.\necho \"SUCCESS\" > \"${SCRIPT_OUTPUT_FILE_0}\"\n";
			showEnvVarsInLog = 0;
		};
		ADEF55336EA6B69F37E04C6A /* [CP] Embed Pods Frameworks */ = {
			isa = PBXShellScriptBuildPhase;
			buildActionMask = 2147483647;
			files = (
			);
			inputFileListPaths = (
				"${PODS_ROOT}/Target Support Files/Pods-MINTREPO/Pods-MINTREPO-frameworks-${CONFIGURATION}-input-files.xcfilelist",
			);
			name = "[CP] Embed Pods Frameworks";
			outputFileListPaths = (
				"${PODS_ROOT}/Target Support Files/Pods-MINTREPO/Pods-MINTREPO-frameworks-${CONFIGURATION}-output-files.xcfilelist",
			);
			runOnlyForDeploymentPostprocessing = 0;
			shellPath = /bin/sh;
			shellScript = "\"${PODS_ROOT}/Target Support Files/Pods-MINTREPO/Pods-MINTREPO-frameworks.sh\"\n";
			showEnvVarsInLog = 0;
		};
/* End PBXShellScriptBuildPhase section */

/* Begin PBXSourcesBuildPhase section */
		428BFCA1255C3796009AA2DE /* Sources */ = {
			isa = PBXSourcesBuildPhase;
			buildActionMask = 2147483647;
			files = (
				428BFCC7255C7800009AA2DE /* CommitModel.swift in Sources */,
				428BFCBE255C52B7009AA2DE /* HelpFunctions.swift in Sources */,
				428BFCAD255C3796009AA2DE /* MintRepoViewController.swift in Sources */,
				428BFCC2255C543B009AA2DE /* ApiConstants.swift in Sources */,
				428BFCC5255C60A1009AA2DE /* MintRepoTableViewCell.swift in Sources */,
				428BFCA9255C3796009AA2DE /* AppDelegate.swift in Sources */,
				428BFCC0255C53DF009AA2DE /* Estentions.swift in Sources */,
			);
			runOnlyForDeploymentPostprocessing = 0;
		};
/* End PBXSourcesBuildPhase section */

/* Begin PBXVariantGroup section */
		428BFCAE255C3796009AA2DE /* Main.storyboard */ = {
			isa = PBXVariantGroup;
			children = (
				428BFCAF255C3796009AA2DE /* Base */,
			);
			name = Main.storyboard;
			sourceTree = "<group>";
		};
		428BFCB3255C379B009AA2DE /* LaunchScreen.storyboard */ = {
			isa = PBXVariantGroup;
			children = (
				428BFCB4255C379B009AA2DE /* Base */,
			);
			name = LaunchScreen.storyboard;
			sourceTree = "<group>";
		};
/* End PBXVariantGroup section */

/* Begin XCBuildConfiguration section */
		428BFCB7255C379B009AA2DE /* Debug */ = {
			isa = XCBuildConfiguration;
			buildSettings = {
				ALWAYS_SEARCH_USER_PATHS = NO;
				CLANG_ANALYZER_NONNULL = YES;
				CLANG_ANALYZER_NUMBER_OBJECT_CONVERSION = YES_AGGRESSIVE;
				CLANG_CXX_LANGUAGE_STANDARD = "gnu++14";
				CLANG_CXX_LIBRARY = "libc++";
				CLANG_ENABLE_MODULES = YES;
				CLANG_ENABLE_OBJC_ARC = YES;
				CLANG_ENABLE_OBJC_WEAK = YES;
				CLANG_WARN_BLOCK_CAPTURE_AUTORELEASING = YES;
				CLANG_WARN_BOOL_CONVERSION = YES;
				CLANG_WARN_COMMA = YES;
				CLANG_WARN_CONSTANT_CONVERSION = YES;
				CLANG_WARN_DEPRECATED_OBJC_IMPLEMENTATIONS = YES;
				CLANG_WARN_DIRECT_OBJC_ISA_USAGE = YES_ERROR;
				CLANG_WARN_DOCUMENTATION_COMMENTS = YES;
				CLANG_WARN_EMPTY_BODY = YES;
				CLANG_WARN_ENUM_CONVERSION = YES;
				CLANG_WARN_INFINITE_RECURSION = YES;
				CLANG_WARN_INT_CONVERSION = YES;
				CLANG_WARN_NON_LITERAL_NULL_CONVERSION = YES;
				CLANG_WARN_OBJC_IMPLICIT_RETAIN_SELF = YES;
				CLANG_WARN_OBJC_LITERAL_CONVERSION = YES;
				CLANG_WARN_OBJC_ROOT_CLASS = YES_ERROR;
				CLANG_WARN_RANGE_LOOP_ANALYSIS = YES;
				CLANG_WARN_STRICT_PROTOTYPES = YES;
				CLANG_WARN_SUSPICIOUS_MOVE = YES;
				CLANG_WARN_UNGUARDED_AVAILABILITY = YES_AGGRESSIVE;
				CLANG_WARN_UNREACHABLE_CODE = YES;
				CLANG_WARN__DUPLICATE_METHOD_MATCH = YES;
				COPY_PHASE_STRIP = NO;
				DEBUG_INFORMATION_FORMAT = dwarf;
				ENABLE_STRICT_OBJC_MSGSEND = YES;
				ENABLE_TESTABILITY = YES;
				GCC_C_LANGUAGE_STANDARD = gnu11;
				GCC_DYNAMIC_NO_PIC = NO;
				GCC_NO_COMMON_BLOCKS = YES;
				GCC_OPTIMIZATION_LEVEL = 0;
				GCC_PREPROCESSOR_DEFINITIONS = (
					"DEBUG=1",
					"$(inherited)",
				);
				GCC_WARN_64_TO_32_BIT_CONVERSION = YES;
				GCC_WARN_ABOUT_RETURN_TYPE = YES_ERROR;
				GCC_WARN_UNDECLARED_SELECTOR = YES;
				GCC_WARN_UNINITIALIZED_AUTOS = YES_AGGRESSIVE;
				GCC_WARN_UNUSED_FUNCTION = YES;
				GCC_WARN_UNUSED_VARIABLE = YES;
				IPHONEOS_DEPLOYMENT_TARGET = 13.7;
				MTL_ENABLE_DEBUG_INFO = INCLUDE_SOURCE;
				MTL_FAST_MATH = YES;
				ONLY_ACTIVE_ARCH = YES;
				SDKROOT = iphoneos;
				SWIFT_ACTIVE_COMPILATION_CONDITIONS = DEBUG;
				SWIFT_OPTIMIZATION_LEVEL = "-Onone";
			};
			name = Debug;
		};
		428BFCB8255C379B009AA2DE /* Release */ = {
			isa = XCBuildConfiguration;
			buildSettings = {
				ALWAYS_SEARCH_USER_PATHS = NO;
				CLANG_ANALYZER_NONNULL = YES;
				CLANG_ANALYZER_NUMBER_OBJECT_CONVERSION = YES_AGGRESSIVE;
				CLANG_CXX_LANGUAGE_STANDARD = "gnu++14";
				CLANG_CXX_LIBRARY = "libc++";
				CLANG_ENABLE_MODULES = YES;
				CLANG_ENABLE_OBJC_ARC = YES;
				CLANG_ENABLE_OBJC_WEAK = YES;
				CLANG_WARN_BLOCK_CAPTURE_AUTORELEASING = YES;
				CLANG_WARN_BOOL_CONVERSION = YES;
				CLANG_WARN_COMMA = YES;
				CLANG_WARN_CONSTANT_CONVERSION = YES;
				CLANG_WARN_DEPRECATED_OBJC_IMPLEMENTATIONS = YES;
				CLANG_WARN_DIRECT_OBJC_ISA_USAGE = YES_ERROR;
				CLANG_WARN_DOCUMENTATION_COMMENTS = YES;
				CLANG_WARN_EMPTY_BODY = YES;
				CLANG_WARN_ENUM_CONVERSION = YES;
				CLANG_WARN_INFINITE_RECURSION = YES;
				CLANG_WARN_INT_CONVERSION = YES;
				CLANG_WARN_NON_LITERAL_NULL_CONVERSION = YES;
				CLANG_WARN_OBJC_IMPLICIT_RETAIN_SELF = YES;
				CLANG_WARN_OBJC_LITERAL_CONVERSION = YES;
				CLANG_WARN_OBJC_ROOT_CLASS = YES_ERROR;
				CLANG_WARN_RANGE_LOOP_ANALYSIS = YES;
				CLANG_WARN_STRICT_PROTOTYPES = YES;
				CLANG_WARN_SUSPICIOUS_MOVE = YES;
				CLANG_WARN_UNGUARDED_AVAILABILITY = YES_AGGRESSIVE;
				CLANG_WARN_UNREACHABLE_CODE = YES;
				CLANG_WARN__DUPLICATE_METHOD_MATCH = YES;
				COPY_PHASE_STRIP = NO;
				DEBUG_INFORMATION_FORMAT = "dwarf-with-dsym";
				ENABLE_NS_ASSERTIONS = NO;
				ENABLE_STRICT_OBJC_MSGSEND = YES;
				GCC_C_LANGUAGE_STANDARD = gnu11;
				GCC_NO_COMMON_BLOCKS = YES;
				GCC_WARN_64_TO_32_BIT_CONVERSION = YES;
				GCC_WARN_ABOUT_RETURN_TYPE = YES_ERROR;
				GCC_WARN_UNDECLARED_SELECTOR = YES;
				GCC_WARN_UNINITIALIZED_AUTOS = YES_AGGRESSIVE;
				GCC_WARN_UNUSED_FUNCTION = YES;
				GCC_WARN_UNUSED_VARIABLE = YES;
				IPHONEOS_DEPLOYMENT_TARGET = 13.7;
				MTL_ENABLE_DEBUG_INFO = NO;
				MTL_FAST_MATH = YES;
				SDKROOT = iphoneos;
				SWIFT_COMPILATION_MODE = wholemodule;
				SWIFT_OPTIMIZATION_LEVEL = "-O";
				VALIDATE_PRODUCT = YES;
			};
			name = Release;
		};
		428BFCBA255C379B009AA2DE /* Debug */ = {
			isa = XCBuildConfiguration;
			baseConfigurationReference = A3443E40EA50DB6B6AAEA021 /* Pods-MINTREPO.debug.xcconfig */;
			buildSettings = {
				ASSETCATALOG_COMPILER_APPICON_NAME = AppIcon;
				CODE_SIGN_STYLE = Automatic;
				DEVELOPMENT_TEAM = 28WCCR4442;
				INFOPLIST_FILE = MINTREPO/Info.plist;
				IPHONEOS_DEPLOYMENT_TARGET = 13.0;
				LD_RUNPATH_SEARCH_PATHS = (
					"$(inherited)",
					"@executable_path/Frameworks",
				);
				PRODUCT_BUNDLE_IDENTIFIER = com.peter.MINTREPO;
				PRODUCT_NAME = "$(TARGET_NAME)";
				SWIFT_VERSION = 5.0;
				TARGETED_DEVICE_FAMILY = "1,2";
			};
			name = Debug;
		};
		428BFCBB255C379B009AA2DE /* Release */ = {
			isa = XCBuildConfiguration;
			baseConfigurationReference = 3702FD7BD8272A83F1AC988C /* Pods-MINTREPO.release.xcconfig */;
			buildSettings = {
				ASSETCATALOG_COMPILER_APPICON_NAME = AppIcon;
				CODE_SIGN_STYLE = Automatic;
				DEVELOPMENT_TEAM = 28WCCR4442;
				INFOPLIST_FILE = MINTREPO/Info.plist;
				IPHONEOS_DEPLOYMENT_TARGET = 13.0;
				LD_RUNPATH_SEARCH_PATHS = (
					"$(inherited)",
					"@executable_path/Frameworks",
				);
				PRODUCT_BUNDLE_IDENTIFIER = com.peter.MINTREPO;
				PRODUCT_NAME = "$(TARGET_NAME)";
				SWIFT_VERSION = 5.0;
				TARGETED_DEVICE_FAMILY = "1,2";
			};
			name = Release;
		};
/* End XCBuildConfiguration section */

/* Begin XCConfigurationList section */
		428BFCA0255C3796009AA2DE /* Build configuration list for PBXProject "MINTREPO" */ = {
			isa = XCConfigurationList;
			buildConfigurations = (
				428BFCB7255C379B009AA2DE /* Debug */,
				428BFCB8255C379B009AA2DE /* Release */,
			);
			defaultConfigurationIsVisible = 0;
			defaultConfigurationName = Release;
		};
		428BFCB9255C379B009AA2DE /* Build configuration list for PBXNativeTarget "MINTREPO" */ = {
			isa = XCConfigurationList;
			buildConfigurations = (
				428BFCBA255C379B009AA2DE /* Debug */,
				428BFCBB255C379B009AA2DE /* Release */,
			);
			defaultConfigurationIsVisible = 0;
			defaultConfigurationName = Release;
		};
/* End XCConfigurationList section */
	};
	rootObject = 428BFC9D255C3796009AA2DE /* Project object */;
}
