// !$*UTF8*$!
{
	archiveVersion = 1;
	classes = {
	};
	objectVersion = 50;
	objects = {

/* Begin PBXBuildFile section */
		428BFCA9255C3796009AA2DE /* AppDelegate.swift in Sources */ = {isa = PBXBuildFile; fileRef = 428BFCA8255C3796009AA2DE /* AppDelegate.swift */; };
		428BFCAD255C3796009AA2DE /* ViewController.swift in Sources */ = {isa = PBXBuildFile; fileRef = 428BFCAC255C3796009AA2DE /* ViewController.swift */; };
		428BFCB0255C3796009AA2DE /* Main.storyboard in Resources */ = {isa = PBXBuildFile; fileRef = 428BFCAE255C3796009AA2DE /* Main.storyboard */; };
		428BFCB2255C379B009AA2DE /* Assets.xcassets in Resources */ = {isa = PBXBuildFile; fileRef = 428BFCB1255C379B009AA2DE /* Assets.xcassets */; };
		428BFCB5255C379B009AA2DE /* LaunchScreen.storyboard in Resources */ = {isa = PBXBuildFile; fileRef = 428BFCB3255C379B009AA2DE /* LaunchScreen.storyboard */; };
		428BFCBE255C52B7009AA2DE /* HelpFunctions.swift in Sources */ = {isa = PBXBuildFile; fileRef = 428BFCBD255C52B7009AA2DE /* HelpFunctions.swift */; };
		428BFCC0255C53DF009AA2DE /* Estentions.swift in Sources */ = {isa = PBXBuildFile; fileRef = 428BFCBF255C53DF009AA2DE /* Estentions.swift */; };
		428BFCC2255C543B009AA2DE /* ApiConstants.swift in Sources */ = {isa = PBXBuildFile; fileRef = 428BFCC1255C543B009AA2DE /* ApiConstants.swift */; };
/* End PBXBuildFile section */

/* Begin PBXFileReference section */
		428BFCA5255C3796009AA2DE /* MINTREPO.app */ = {isa = PBXFileReference; explicitFileType = wrapper.application; includeInIndex = 0; path = MINTREPO.app; sourceTree = BUILT_PRODUCTS_DIR; };
		428BFCA8255C3796009AA2DE /* AppDelegate.swift */ = {isa = PBXFileReference; lastKnownFileType = sourcecode.swift; path = AppDelegate.swift; sourceTree = "<group>"; };
		428BFCAC255C3796009AA2DE /* ViewController.swift */ = {isa = PBXFileReference; lastKnownFileType = sourcecode.swift; path = ViewController.swift; sourceTree = "<group>"; };
		428BFCAF255C3796009AA2DE /* Base */ = {isa = PBXFileReference; lastKnownFileType = file.storyboard; name = Base; path = Base.lproj/Main.storyboard; sourceTree = "<group>"; };
		428BFCB1255C379B009AA2DE /* Assets.xcassets */ = {isa = PBXFileReference; lastKnownFileType = folder.assetcatalog; path = Assets.xcassets; sourceTree = "<group>"; };
		428BFCB4255C379B009AA2DE /* Base */ = {isa = PBXFileReference; lastKnownFileType = file.storyboard; name = Base; path = Base.lproj/LaunchScreen.storyboard; sourceTree = "<group>"; };
		428BFCB6255C379B009AA2DE /* Info.plist */ = {isa = PBXFileReference; lastKnownFileType = text.plist.xml; path = Info.plist; sourceTree = "<group>"; };
		428BFCBD255C52B7009AA2DE /* HelpFunctions.swift */ = {isa = PBXFileReference; lastKnownFileType = sourcecode.swift; path = HelpFunctions.swift; sourceTree = "<group>"; };
		428BFCBF255C53DF009AA2DE /* Estentions.swift */ = {isa = PBXFileReference; lastKnownFileType = sourcecode.swift; path = Estentions.swift; sourceTree = "<group>"; };
		428BFCC1255C543B009AA2DE /* ApiConstants.swift */ = {isa = PBXFileReference; lastKnownFileType = sourcecode.swift; path = ApiConstants.swift; sourceTree = "<group>"; };
/* End PBXFileReference section */

/* Begin PBXFrameworksBuildPhase section */
		428BFCA2255C3796009AA2DE /* Frameworks */ = {
			isa = PBXFrameworksBuildPhase;
			buildActionMask = 2147483647;
			files = (
			);
			runOnlyForDeploymentPostprocessing = 0;
		};
/* End PBXFrameworksBuildPhase section */

/* Begin PBXGroup section */
		428BFC9C255C3796009AA2DE = {
			isa = PBXGroup;
			children = (
				428BFCA7255C3796009AA2DE /* MINTREPO */,
				428BFCA6255C3796009AA2DE /* Products */,
			);
			sourceTree = "<group>";
		};
		428BFCA6255C3796009AA2DE /* Products */ = {
			isa = PBXGroup;
			children = (
				428BFCA5255C3796009AA2DE /* MINTREPO.app */,
			);
			name = Products;
			sourceTree = "<group>";
		};
		428BFCA7255C3796009AA2DE /* MINTREPO */ = {
			isa = PBXGroup;
			children = (
				428BFCBC255C5290009AA2DE /* Utility */,
				428BFCA8255C3796009AA2DE /* AppDelegate.swift */,
				428BFCAC255C3796009AA2DE /* ViewController.swift */,
				428BFCAE255C3796009AA2DE /* Main.storyboard */,
				428BFCB1255C379B009AA2DE /* Assets.xcassets */,
				428BFCB3255C379B009AA2DE /* LaunchScreen.storyboard */,
				428BFCB6255C379B009AA2DE /* Info.plist */,
			);
			path = MINTREPO;
			sourceTree = "<group>";
		};
		428BFCBC255C5290009AA2DE /* Utility */ = {
			isa = PBXGroup;
			children = (
				428BFCBD255C52B7009AA2DE /* HelpFunctions.swift */,
				428BFCBF255C53DF009AA2DE /* Estentions.swift */,
				428BFCC1255C543B009AA2DE /* ApiConstants.swift */,
			);
			path = Utility;
			sourceTree = "<group>";
		};
/* End PBXGroup section */

/* Begin PBXNativeTarget section */
		428BFCA4255C3796009AA2DE /* MINTREPO */ = {
			isa = PBXNativeTarget;
			buildConfigurationList = 428BFCB9255C379B009AA2DE /* Build configuration list for PBXNativeTarget "MINTREPO" */;
			buildPhases = (
				428BFCA1255C3796009AA2DE /* Sources */,
				428BFCA2255C3796009AA2DE /* Frameworks */,
				428BFCA3255C3796009AA2DE /* Resources */,
			);
			buildRules = (
			);
			dependencies = (
			);
			name = MINTREPO;
			productName = MINTREPO;
			productReference = 428BFCA5255C3796009AA2DE /* MINTREPO.app */;
			productType = "com.apple.product-type.application";
		};
/* End PBXNativeTarget section */

/* Begin PBXProject section */
		428BFC9D255C3796009AA2DE /* Project object */ = {
			isa = PBXProject;
			attributes = {
				LastSwiftUpdateCheck = 1170;
				LastUpgradeCheck = 1170;
				ORGANIZATIONNAME = Peter;
				TargetAttributes = {
					428BFCA4255C3796009AA2DE = {
						CreatedOnToolsVersion = 11.7;
					};
				};
			};
			buildConfigurationList = 428BFCA0255C3796009AA2DE /* Build configuration list for PBXProject "MINTREPO" */;
			compatibilityVersion = "Xcode 9.3";
			developmentRegion = en;
			hasScannedForEncodings = 0;
			knownRegions = (
				en,
				Base,
			);
			mainGroup = 428BFC9C255C3796009AA2DE;
			productRefGroup = 428BFCA6255C3796009AA2DE /* Products */;
			projectDirPath = "";
			projectRoot = "";
			targets = (
				428BFCA4255C3796009AA2DE /* MINTREPO */,
			);
		};
/* End PBXProject section */

/* Begin PBXResourcesBuildPhase section */
		428BFCA3255C3796009AA2DE /* Resources */ = {
			isa = PBXResourcesBuildPhase;
			buildActionMask = 2147483647;
			files = (
				428BFCB5255C379B009AA2DE /* LaunchScreen.storyboard in Resources */,
				428BFCB2255C379B009AA2DE /* Assets.xcassets in Resources */,
				428BFCB0255C3796009AA2DE /* Main.storyboard in Resources */,
			);
			runOnlyForDeploymentPostprocessing = 0;
		};
/* End PBXResourcesBuildPhase section */

/* Begin PBXSourcesBuildPhase section */
		428BFCA1255C3796009AA2DE /* Sources */ = {
			isa = PBXSourcesBuildPhase;
			buildActionMask = 2147483647;
			files = (
				428BFCBE255C52B7009AA2DE /* HelpFunctions.swift in Sources */,
				428BFCAD255C3796009AA2DE /* ViewController.swift in Sources */,
				428BFCC2255C543B009AA2DE /* ApiConstants.swift in Sources */,
				428BFCA9255C3796009AA2DE /* AppDelegate.swift in Sources */,
				428BFCC0255C53DF009AA2DE /* Estentions.swift in Sources */,
			);
			runOnlyForDeploymentPostprocessing = 0;
		};
/* End PBXSourcesBuildPhase section */

/* Begin PBXVariantGroup section */
		428BFCAE255C3796009AA2DE /* Main.storyboard */ = {
			isa = PBXVariantGroup;
			children = (
				428BFCAF255C3796009AA2DE /* Base */,
			);
			name = Main.storyboard;
			sourceTree = "<group>";
		};
		428BFCB3255C379B009AA2DE /* LaunchScreen.storyboard */ = {
			isa = PBXVariantGroup;
			children = (
				428BFCB4255C379B009AA2DE /* Base */,
			);
			name = LaunchScreen.storyboard;
			sourceTree = "<group>";
		};
/* End PBXVariantGroup section */

/* Begin XCBuildConfiguration section */
		428BFCB7255C379B009AA2DE /* Debug */ = {
			isa = XCBuildConfiguration;
			buildSettings = {
				ALWAYS_SEARCH_USER_PATHS = NO;
				CLANG_ANALYZER_NONNULL = YES;
				CLANG_ANALYZER_NUMBER_OBJECT_CONVERSION = YES_AGGRESSIVE;
				CLANG_CXX_LANGUAGE_STANDARD = "gnu++14";
				CLANG_CXX_LIBRARY = "libc++";
				CLANG_ENABLE_MODULES = YES;
				CLANG_ENABLE_OBJC_ARC = YES;
				CLANG_ENABLE_OBJC_WEAK = YES;
				CLANG_WARN_BLOCK_CAPTURE_AUTORELEASING = YES;
				CLANG_WARN_BOOL_CONVERSION = YES;
				CLANG_WARN_COMMA = YES;
				CLANG_WARN_CONSTANT_CONVERSION = YES;
				CLANG_WARN_DEPRECATED_OBJC_IMPLEMENTATIONS = YES;
				CLANG_WARN_DIRECT_OBJC_ISA_USAGE = YES_ERROR;
				CLANG_WARN_DOCUMENTATION_COMMENTS = YES;
				CLANG_WARN_EMPTY_BODY = YES;
				CLANG_WARN_ENUM_CONVERSION = YES;
				CLANG_WARN_INFINITE_RECURSION = YES;
				CLANG_WARN_INT_CONVERSION = YES;
				CLANG_WARN_NON_LITERAL_NULL_CONVERSION = YES;
				CLANG_WARN_OBJC_IMPLICIT_RETAIN_SELF = YES;
				CLANG_WARN_OBJC_LITERAL_CONVERSION = YES;
				CLANG_WARN_OBJC_ROOT_CLASS = YES_ERROR;
				CLANG_WARN_RANGE_LOOP_ANALYSIS = YES;
				CLANG_WARN_STRICT_PROTOTYPES = YES;
				CLANG_WARN_SUSPICIOUS_MOVE = YES;
				CLANG_WARN_UNGUARDED_AVAILABILITY = YES_AGGRESSIVE;
				CLANG_WARN_UNREACHABLE_CODE = YES;
				CLANG_WARN__DUPLICATE_METHOD_MATCH = YES;
				COPY_PHASE_STRIP = NO;
				DEBUG_INFORMATION_FORMAT = dwarf;
				ENABLE_STRICT_OBJC_MSGSEND = YES;
				ENABLE_TESTABILITY = YES;
				GCC_C_LANGUAGE_STANDARD = gnu11;
				GCC_DYNAMIC_NO_PIC = NO;
				GCC_NO_COMMON_BLOCKS = YES;
				GCC_OPTIMIZATION_LEVEL = 0;
				GCC_PREPROCESSOR_DEFINITIONS = (
					"DEBUG=1",
					"$(inherited)",
				);
				GCC_WARN_64_TO_32_BIT_CONVERSION = YES;
				GCC_WARN_ABOUT_RETURN_TYPE = YES_ERROR;
				GCC_WARN_UNDECLARED_SELECTOR = YES;
				GCC_WARN_UNINITIALIZED_AUTOS = YES_AGGRESSIVE;
				GCC_WARN_UNUSED_FUNCTION = YES;
				GCC_WARN_UNUSED_VARIABLE = YES;
				IPHONEOS_DEPLOYMENT_TARGET = 13.7;
				MTL_ENABLE_DEBUG_INFO = INCLUDE_SOURCE;
				MTL_FAST_MATH = YES;
				ONLY_ACTIVE_ARCH = YES;
				SDKROOT = iphoneos;
				SWIFT_ACTIVE_COMPILATION_CONDITIONS = DEBUG;
				SWIFT_OPTIMIZATION_LEVEL = "-Onone";
			};
			name = Debug;
		};
		428BFCB8255C379B009AA2DE /* Release */ = {
			isa = XCBuildConfiguration;
			buildSettings = {
				ALWAYS_SEARCH_USER_PATHS = NO;
				CLANG_ANALYZER_NONNULL = YES;
				CLANG_ANALYZER_NUMBER_OBJECT_CONVERSION = YES_AGGRESSIVE;
				CLANG_CXX_LANGUAGE_STANDARD = "gnu++14";
				CLANG_CXX_LIBRARY = "libc++";
				CLANG_ENABLE_MODULES = YES;
				CLANG_ENABLE_OBJC_ARC = YES;
				CLANG_ENABLE_OBJC_WEAK = YES;
				CLANG_WARN_BLOCK_CAPTURE_AUTORELEASING = YES;
				CLANG_WARN_BOOL_CONVERSION = YES;
				CLANG_WARN_COMMA = YES;
				CLANG_WARN_CONSTANT_CONVERSION = YES;
				CLANG_WARN_DEPRECATED_OBJC_IMPLEMENTATIONS = YES;
				CLANG_WARN_DIRECT_OBJC_ISA_USAGE = YES_ERROR;
				CLANG_WARN_DOCUMENTATION_COMMENTS = YES;
				CLANG_WARN_EMPTY_BODY = YES;
				CLANG_WARN_ENUM_CONVERSION = YES;
				CLANG_WARN_INFINITE_RECURSION = YES;
				CLANG_WARN_INT_CONVERSION = YES;
				CLANG_WARN_NON_LITERAL_NULL_CONVERSION = YES;
				CLANG_WARN_OBJC_IMPLICIT_RETAIN_SELF = YES;
				CLANG_WARN_OBJC_LITERAL_CONVERSION = YES;
				CLANG_WARN_OBJC_ROOT_CLASS = YES_ERROR;
				CLANG_WARN_RANGE_LOOP_ANALYSIS = YES;
				CLANG_WARN_STRICT_PROTOTYPES = YES;
				CLANG_WARN_SUSPICIOUS_MOVE = YES;
				CLANG_WARN_UNGUARDED_AVAILABILITY = YES_AGGRESSIVE;
				CLANG_WARN_UNREACHABLE_CODE = YES;
				CLANG_WARN__DUPLICATE_METHOD_MATCH = YES;
				COPY_PHASE_STRIP = NO;
				DEBUG_INFORMATION_FORMAT = "dwarf-with-dsym";
				ENABLE_NS_ASSERTIONS = NO;
				ENABLE_STRICT_OBJC_MSGSEND = YES;
				GCC_C_LANGUAGE_STANDARD = gnu11;
				GCC_NO_COMMON_BLOCKS = YES;
				GCC_WARN_64_TO_32_BIT_CONVERSION = YES;
				GCC_WARN_ABOUT_RETURN_TYPE = YES_ERROR;
				GCC_WARN_UNDECLARED_SELECTOR = YES;
				GCC_WARN_UNINITIALIZED_AUTOS = YES_AGGRESSIVE;
				GCC_WARN_UNUSED_FUNCTION = YES;
				GCC_WARN_UNUSED_VARIABLE = YES;
				IPHONEOS_DEPLOYMENT_TARGET = 13.7;
				MTL_ENABLE_DEBUG_INFO = NO;
				MTL_FAST_MATH = YES;
				SDKROOT = iphoneos;
				SWIFT_COMPILATION_MODE = wholemodule;
				SWIFT_OPTIMIZATION_LEVEL = "-O";
				VALIDATE_PRODUCT = YES;
			};
			name = Release;
		};
		428BFCBA255C379B009AA2DE /* Debug */ = {
			isa = XCBuildConfiguration;
			buildSettings = {
				ASSETCATALOG_COMPILER_APPICON_NAME = AppIcon;
				CODE_SIGN_STYLE = Automatic;
				INFOPLIST_FILE = MINTREPO/Info.plist;
				IPHONEOS_DEPLOYMENT_TARGET = 13.0;
				LD_RUNPATH_SEARCH_PATHS = (
					"$(inherited)",
					"@executable_path/Frameworks",
				);
				PRODUCT_BUNDLE_IDENTIFIER = com.peter.MINTREPO;
				PRODUCT_NAME = "$(TARGET_NAME)";
				SWIFT_VERSION = 5.0;
				TARGETED_DEVICE_FAMILY = "1,2";
			};
			name = Debug;
		};
		428BFCBB255C379B009AA2DE /* Release */ = {
			isa = XCBuildConfiguration;
			buildSettings = {
				ASSETCATALOG_COMPILER_APPICON_NAME = AppIcon;
				CODE_SIGN_STYLE = Automatic;
				INFOPLIST_FILE = MINTREPO/Info.plist;
				IPHONEOS_DEPLOYMENT_TARGET = 13.0;
				LD_RUNPATH_SEARCH_PATHS = (
					"$(inherited)",
					"@executable_path/Frameworks",
				);
				PRODUCT_BUNDLE_IDENTIFIER = com.peter.MINTREPO;
				PRODUCT_NAME = "$(TARGET_NAME)";
				SWIFT_VERSION = 5.0;
				TARGETED_DEVICE_FAMILY = "1,2";
			};
			name = Release;
		};
/* End XCBuildConfiguration section */

/* Begin XCConfigurationList section */
		428BFCA0255C3796009AA2DE /* Build configuration list for PBXProject "MINTREPO" */ = {
			isa = XCConfigurationList;
			buildConfigurations = (
				428BFCB7255C379B009AA2DE /* Debug */,
				428BFCB8255C379B009AA2DE /* Release */,
			);
			defaultConfigurationIsVisible = 0;
			defaultConfigurationName = Release;
		};
		428BFCB9255C379B009AA2DE /* Build configuration list for PBXNativeTarget "MINTREPO" */ = {
			isa = XCConfigurationList;
			buildConfigurations = (
				428BFCBA255C379B009AA2DE /* Debug */,
				428BFCBB255C379B009AA2DE /* Release */,
			);
			defaultConfigurationIsVisible = 0;
			defaultConfigurationName = Release;
		};
/* End XCConfigurationList section */
	};
	rootObject = 428BFC9D255C3796009AA2DE /* Project object */;
}
